
Microsoft Visual Studio Solution File, Format Version 12.00
# Visual Studio Version 17
VisualStudioVersion = 17.3.32929.385
MinimumVisualStudioVersion = 10.0.40219.1
Project("{9A19103F-16F7-4668-BE54-9A1E7A4F7556}") = "EShop.Models", "EShop.Models\EShop.Models.csproj", "{2421993F-5898-4C50-B352-57E2BAC8F8D4}"
EndProject
Project("{9A19103F-16F7-4668-BE54-9A1E7A4F7556}") = "EShop.Api", "EShop.Api\EShop.Api.csproj", "{0068F280-69CC-4335-B519-464C75C73E92}"
EndProject
Project("{FAE04EC0-301F-11D3-BF4B-00C04F79EFBC}") = "EShop.Web", "EShop.Web\EShop.Web.csproj", "{C027B8FC-4D7E-4013-B643-9FE54CED3019}"
EndProject
Global
	GlobalSection(SolutionConfigurationPlatforms) = preSolution
		Debug|Any CPU = Debug|Any CPU
		Release|Any CPU = Release|Any CPU
	EndGlobalSection
	GlobalSection(ProjectConfigurationPlatforms) = postSolution
		{2421993F-5898-4C50-B352-57E2BAC8F8D4}.Debug|Any CPU.ActiveCfg = Debug|Any CPU
		{2421993F-5898-4C50-B352-57E2BAC8F8D4}.Debug|Any CPU.Build.0 = Debug|Any CPU
		{2421993F-5898-4C50-B352-57E2BAC8F8D4}.Release|Any CPU.ActiveCfg = Release|Any CPU
		{2421993F-5898-4C50-B352-57E2BAC8F8D4}.Release|Any CPU.Build.0 = Release|Any CPU
		{0068F280-69CC-4335-B519-464C75C73E92}.Debug|Any CPU.ActiveCfg = Debug|Any CPU
		{0068F280-69CC-4335-B519-464C75C73E92}.Debug|Any CPU.Build.0 = Debug|Any CPU
		{0068F280-69CC-4335-B519-464C75C73E92}.Release|Any CPU.ActiveCfg = Release|Any CPU
		{0068F280-69CC-4335-B519-464C75C73E92}.Release|Any CPU.Build.0 = Release|Any CPU
		{C027B8FC-4D7E-4013-B643-9FE54CED3019}.Debug|Any CPU.ActiveCfg = Debug|Any CPU
		{C027B8FC-4D7E-4013-B643-9FE54CED3019}.Debug|Any CPU.Build.0 = Debug|Any CPU
		{C027B8FC-4D7E-4013-B643-9FE54CED3019}.Release|Any CPU.ActiveCfg = Release|Any CPU
		{C027B8FC-4D7E-4013-B643-9FE54CED3019}.Release|Any CPU.Build.0 = Release|Any CPU
	EndGlobalSection
	GlobalSection(SolutionProperties) = preSolution
		HideSolutionNode = FALSE
	EndGlobalSection
	GlobalSection(ExtensibilityGlobals) = postSolution
		SolutionGuid = {1C7CAA4A-B41E-4A9A-B6F4-FB5F3DE6B72A}
	EndGlobalSection
EndGlobal
